
Microsoft Visual Studio Solution File, Format Version 12.00
Project("{FAE04EC0-301F-11D3-BF4B-00C04F79EFBC}") = "array_anagrams", "array_anagrams\array_anagrams.csproj", "{F7C6354C-FEC1-42EF-B5B5-F8D4EB9EE69C}"
EndProject
Global
	GlobalSection(SolutionConfigurationPlatforms) = preSolution
		Debug|Any CPU = Debug|Any CPU
		Release|Any CPU = Release|Any CPU
	EndGlobalSection
	GlobalSection(ProjectConfigurationPlatforms) = postSolution
		{F7C6354C-FEC1-42EF-B5B5-F8D4EB9EE69C}.Debug|Any CPU.ActiveCfg = Debug|Any CPU
		{F7C6354C-FEC1-42EF-B5B5-F8D4EB9EE69C}.Debug|Any CPU.Build.0 = Debug|Any CPU
		{F7C6354C-FEC1-42EF-B5B5-F8D4EB9EE69C}.Release|Any CPU.ActiveCfg = Release|Any CPU
		{F7C6354C-FEC1-42EF-B5B5-F8D4EB9EE69C}.Release|Any CPU.Build.0 = Release|Any CPU
	EndGlobalSection
EndGlobal
